// !$*UTF8*$!
{
	archiveVersion = 1;
	classes = {
	};
	objectVersion = 46;
	objects = {

/* Begin PBXBuildFile section */
		CE7261A015625658009A7AD8 /* UIKit.framework in Frameworks */ = {isa = PBXBuildFile; fileRef = CE72619F15625658009A7AD8 /* UIKit.framework */; };
		CE7261A215625658009A7AD8 /* Foundation.framework in Frameworks */ = {isa = PBXBuildFile; fileRef = CE7261A115625658009A7AD8 /* Foundation.framework */; };
		CE7261A415625658009A7AD8 /* CoreGraphics.framework in Frameworks */ = {isa = PBXBuildFile; fileRef = CE7261A315625658009A7AD8 /* CoreGraphics.framework */; };
		CE7261AA15625658009A7AD8 /* InfoPlist.strings in Resources */ = {isa = PBXBuildFile; fileRef = CE7261A815625658009A7AD8 /* InfoPlist.strings */; };
		CE7261AC15625658009A7AD8 /* main.m in Sources */ = {isa = PBXBuildFile; fileRef = CE7261AB15625658009A7AD8 /* main.m */; };
		CE7261B015625658009A7AD8 /* HelloWorldAppDelegate.m in Sources */ = {isa = PBXBuildFile; fileRef = CE7261AF15625658009A7AD8 /* HelloWorldAppDelegate.m */; };
		CE7261B315625658009A7AD8 /* MainStoryboard.storyboard in Resources */ = {isa = PBXBuildFile; fileRef = CE7261B115625658009A7AD8 /* MainStoryboard.storyboard */; };
		CE7261B615625658009A7AD8 /* HelloWorldViewController.m in Sources */ = {isa = PBXBuildFile; fileRef = CE7261B515625658009A7AD8 /* HelloWorldViewController.m */; };
/* End PBXBuildFile section */

/* Begin PBXFileReference section */
		CE72619B15625658009A7AD8 /* HelloWorld.app */ = {isa = PBXFileReference; explicitFileType = wrapper.application; includeInIndex = 0; path = HelloWorld.app; sourceTree = BUILT_PRODUCTS_DIR; };
		CE72619F15625658009A7AD8 /* UIKit.framework */ = {isa = PBXFileReference; lastKnownFileType = wrapper.framework; name = UIKit.framework; path = System/Library/Frameworks/UIKit.framework; sourceTree = SDKROOT; };
		CE7261A115625658009A7AD8 /* Foundation.framework */ = {isa = PBXFileReference; lastKnownFileType = wrapper.framework; name = Foundation.framework; path = System/Library/Frameworks/Foundation.framework; sourceTree = SDKROOT; };
		CE7261A315625658009A7AD8 /* CoreGraphics.framework */ = {isa = PBXFileReference; lastKnownFileType = wrapper.framework; name = CoreGraphics.framework; path = System/Library/Frameworks/CoreGraphics.framework; sourceTree = SDKROOT; };
		CE7261A715625658009A7AD8 /* HelloWorld-Info.plist */ = {isa = PBXFileReference; lastKnownFileType = text.plist.xml; path = "HelloWorld-Info.plist"; sourceTree = "<group>"; };
		CE7261A915625658009A7AD8 /* en */ = {isa = PBXFileReference; lastKnownFileType = text.plist.strings; name = en; path = en.lproj/InfoPlist.strings; sourceTree = "<group>"; };
		CE7261AB15625658009A7AD8 /* main.m */ = {isa = PBXFileReference; lastKnownFileType = sourcecode.c.objc; path = main.m; sourceTree = "<group>"; };
		CE7261AD15625658009A7AD8 /* HelloWorld-Prefix.pch */ = {isa = PBXFileReference; lastKnownFileType = sourcecode.c.h; path = "HelloWorld-Prefix.pch"; sourceTree = "<group>"; };
		CE7261AE15625658009A7AD8 /* HelloWorldAppDelegate.h */ = {isa = PBXFileReference; lastKnownFileType = sourcecode.c.h; path = HelloWorldAppDelegate.h; sourceTree = "<group>"; };
		CE7261AF15625658009A7AD8 /* HelloWorldAppDelegate.m */ = {isa = PBXFileReference; lastKnownFileType = sourcecode.c.objc; path = HelloWorldAppDelegate.m; sourceTree = "<group>"; };
		CE7261B215625658009A7AD8 /* en */ = {isa = PBXFileReference; lastKnownFileType = file.storyboard; name = en; path = en.lproj/MainStoryboard.storyboard; sourceTree = "<group>"; };
		CE7261B415625658009A7AD8 /* HelloWorldViewController.h */ = {isa = PBXFileReference; lastKnownFileType = sourcecode.c.h; path = HelloWorldViewController.h; sourceTree = "<group>"; };
		CE7261B515625658009A7AD8 /* HelloWorldViewController.m */ = {isa = PBXFileReference; lastKnownFileType = sourcecode.c.objc; path = HelloWorldViewController.m; sourceTree = "<group>"; };
/* End PBXFileReference section */

/* Begin PBXFrameworksBuildPhase section */
		CE72619815625658009A7AD8 /* Frameworks */ = {
			isa = PBXFrameworksBuildPhase;
			buildActionMask = 2147483647;
			files = (
				CE7261A015625658009A7AD8 /* UIKit.framework in Frameworks */,
				CE7261A215625658009A7AD8 /* Foundation.framework in Frameworks */,
				CE7261A415625658009A7AD8 /* CoreGraphics.framework in Frameworks */,
			);
			runOnlyForDeploymentPostprocessing = 0;
		};
/* End PBXFrameworksBuildPhase section */

/* Begin PBXGroup section */
		CE72619015625658009A7AD8 = {
			isa = PBXGroup;
			children = (
				CE7261A515625658009A7AD8 /* HelloWorld */,
				CE72619E15625658009A7AD8 /* Frameworks */,
				CE72619C15625658009A7AD8 /* Products */,
			);
			sourceTree = "<group>";
		};
		CE72619C15625658009A7AD8 /* Products */ = {
			isa = PBXGroup;
			children = (
				CE72619B15625658009A7AD8 /* HelloWorld.app */,
			);
			name = Products;
			sourceTree = "<group>";
		};
		CE72619E15625658009A7AD8 /* Frameworks */ = {
			isa = PBXGroup;
			children = (
				CE72619F15625658009A7AD8 /* UIKit.framework */,
				CE7261A115625658009A7AD8 /* Foundation.framework */,
				CE7261A315625658009A7AD8 /* CoreGraphics.framework */,
			);
			name = Frameworks;
			sourceTree = "<group>";
		};
		CE7261A515625658009A7AD8 /* HelloWorld */ = {
			isa = PBXGroup;
			children = (
				CE7261AE15625658009A7AD8 /* HelloWorldAppDelegate.h */,
				CE7261AF15625658009A7AD8 /* HelloWorldAppDelegate.m */,
				CE7261B115625658009A7AD8 /* MainStoryboard.storyboard */,
				CE7261B415625658009A7AD8 /* HelloWorldViewController.h */,
				CE7261B515625658009A7AD8 /* HelloWorldViewController.m */,
				CE7261A615625658009A7AD8 /* Supporting Files */,
			);
			path = HelloWorld;
			sourceTree = "<group>";
		};
		CE7261A615625658009A7AD8 /* Supporting Files */ = {
			isa = PBXGroup;
			children = (
				CE7261A715625658009A7AD8 /* HelloWorld-Info.plist */,
				CE7261A815625658009A7AD8 /* InfoPlist.strings */,
				CE7261AB15625658009A7AD8 /* main.m */,
				CE7261AD15625658009A7AD8 /* HelloWorld-Prefix.pch */,
			);
			name = "Supporting Files";
			sourceTree = "<group>";
		};
/* End PBXGroup section */

/* Begin PBXNativeTarget section */
		CE72619A15625658009A7AD8 /* HelloWorld */ = {
			isa = PBXNativeTarget;
			buildConfigurationList = CE7261B915625658009A7AD8 /* Build configuration list for PBXNativeTarget "HelloWorld" */;
			buildPhases = (
				CE72619715625658009A7AD8 /* Sources */,
				CE72619815625658009A7AD8 /* Frameworks */,
				CE72619915625658009A7AD8 /* Resources */,
			);
			buildRules = (
			);
			dependencies = (
			);
			name = HelloWorld;
			productName = HelloWorld;
			productReference = CE72619B15625658009A7AD8 /* HelloWorld.app */;
			productType = "com.apple.product-type.application";
		};
/* End PBXNativeTarget section */

/* Begin PBXProject section */
		CE72619215625658009A7AD8 /* Project object */ = {
			isa = PBXProject;
			attributes = {
				CLASSPREFIX = HelloWorld;
				LastUpgradeCheck = 0430;
			};
			buildConfigurationList = CE72619515625658009A7AD8 /* Build configuration list for PBXProject "HelloWorld" */;
			compatibilityVersion = "Xcode 3.2";
			developmentRegion = English;
			hasScannedForEncodings = 0;
			knownRegions = (
				en,
			);
			mainGroup = CE72619015625658009A7AD8;
			productRefGroup = CE72619C15625658009A7AD8 /* Products */;
			projectDirPath = "";
			projectRoot = "";
			targets = (
				CE72619A15625658009A7AD8 /* HelloWorld */,
			);
		};
/* End PBXProject section */

/* Begin PBXResourcesBuildPhase section */
		CE72619915625658009A7AD8 /* Resources */ = {
			isa = PBXResourcesBuildPhase;
			buildActionMask = 2147483647;
			files = (
				CE7261AA15625658009A7AD8 /* InfoPlist.strings in Resources */,
				CE7261B315625658009A7AD8 /* MainStoryboard.storyboard in Resources */,
			);
			runOnlyForDeploymentPostprocessing = 0;
		};
/* End PBXResourcesBuildPhase section */

/* Begin PBXSourcesBuildPhase section */
		CE72619715625658009A7AD8 /* Sources */ = {
			isa = PBXSourcesBuildPhase;
			buildActionMask = 2147483647;
			files = (
				CE7261AC15625658009A7AD8 /* main.m in Sources */,
				CE7261B015625658009A7AD8 /* HelloWorldAppDelegate.m in Sources */,
				CE7261B615625658009A7AD8 /* HelloWorldViewController.m in Sources */,
			);
			runOnlyForDeploymentPostprocessing = 0;
		};
/* End PBXSourcesBuildPhase section */

/* Begin PBXVariantGroup section */
		CE7261A815625658009A7AD8 /* InfoPlist.strings */ = {
			isa = PBXVariantGroup;
			children = (
				CE7261A915625658009A7AD8 /* en */,
			);
			name = InfoPlist.strings;
			sourceTree = "<group>";
		};
		CE7261B115625658009A7AD8 /* MainStoryboard.storyboard */ = {
			isa = PBXVariantGroup;
			children = (
				CE7261B215625658009A7AD8 /* en */,
			);
			name = MainStoryboard.storyboard;
			sourceTree = "<group>";
		};
/* End PBXVariantGroup section */

/* Begin XCBuildConfiguration section */
		CE7261B715625658009A7AD8 /* Debug */ = {
			isa = XCBuildConfiguration;
			buildSettings = {
				ALWAYS_SEARCH_USER_PATHS = NO;
				ARCHS = "$(ARCHS_STANDARD_32_BIT)";
				CLANG_ENABLE_OBJC_ARC = YES;
				"CODE_SIGN_IDENTITY[sdk=iphoneos*]" = "iPhone Developer";
				COPY_PHASE_STRIP = NO;
				GCC_C_LANGUAGE_STANDARD = gnu99;
				GCC_DYNAMIC_NO_PIC = NO;
				GCC_OPTIMIZATION_LEVEL = 0;
				GCC_PREPROCESSOR_DEFINITIONS = (
					"DEBUG=1",
					"$(inherited)",
				);
				GCC_SYMBOLS_PRIVATE_EXTERN = NO;
				GCC_VERSION = com.apple.compilers.llvm.clang.1_0;
				GCC_WARN_ABOUT_RETURN_TYPE = YES;
				GCC_WARN_UNINITIALIZED_AUTOS = YES;
				GCC_WARN_UNUSED_VARIABLE = YES;
				IPHONEOS_DEPLOYMENT_TARGET = 5.1;
				SDKROOT = iphoneos;
			};
			name = Debug;
		};
		CE7261B815625658009A7AD8 /* Release */ = {
			isa = XCBuildConfiguration;
			buildSettings = {
				ALWAYS_SEARCH_USER_PATHS = NO;
				ARCHS = "$(ARCHS_STANDARD_32_BIT)";
				CLANG_ENABLE_OBJC_ARC = YES;
				"CODE_SIGN_IDENTITY[sdk=iphoneos*]" = "iPhone Developer";
				COPY_PHASE_STRIP = YES;
				GCC_C_LANGUAGE_STANDARD = gnu99;
				GCC_VERSION = com.apple.compilers.llvm.clang.1_0;
				GCC_WARN_ABOUT_RETURN_TYPE = YES;
				GCC_WARN_UNINITIALIZED_AUTOS = YES;
				GCC_WARN_UNUSED_VARIABLE = YES;
				IPHONEOS_DEPLOYMENT_TARGET = 5.1;
				OTHER_CFLAGS = "-DNS_BLOCK_ASSERTIONS=1";
				SDKROOT = iphoneos;
				VALIDATE_PRODUCT = YES;
			};
			name = Release;
		};
		CE7261BA15625658009A7AD8 /* Debug */ = {
			isa = XCBuildConfiguration;
			buildSettings = {
				GCC_PRECOMPILE_PREFIX_HEADER = YES;
				GCC_PREFIX_HEADER = "HelloWorld/HelloWorld-Prefix.pch";
				INFOPLIST_FILE = "HelloWorld/HelloWorld-Info.plist";
				PRODUCT_NAME = "$(TARGET_NAME)";
				WRAPPER_EXTENSION = app;
			};
			name = Debug;
		};
		CE7261BB15625658009A7AD8 /* Release */ = {
			isa = XCBuildConfiguration;
			buildSettings = {
				GCC_PRECOMPILE_PREFIX_HEADER = YES;
				GCC_PREFIX_HEADER = "HelloWorld/HelloWorld-Prefix.pch";
				INFOPLIST_FILE = "HelloWorld/HelloWorld-Info.plist";
				PRODUCT_NAME = "$(TARGET_NAME)";
				WRAPPER_EXTENSION = app;
			};
			name = Release;
		};
/* End XCBuildConfiguration section */

/* Begin XCConfigurationList section */
		CE72619515625658009A7AD8 /* Build configuration list for PBXProject "HelloWorld" */ = {
			isa = XCConfigurationList;
			buildConfigurations = (
				CE7261B715625658009A7AD8 /* Debug */,
				CE7261B815625658009A7AD8 /* Release */,
			);
			defaultConfigurationIsVisible = 0;
			defaultConfigurationName = Release;
		};
		CE7261B915625658009A7AD8 /* Build configuration list for PBXNativeTarget "HelloWorld" */ = {
			isa = XCConfigurationList;
			buildConfigurations = (
				CE7261BA15625658009A7AD8 /* Debug */,
				CE7261BB15625658009A7AD8 /* Release */,
			);
			defaultConfigurationIsVisible = 0;
		};
/* End XCConfigurationList section */
	};
	rootObject = CE72619215625658009A7AD8 /* Project object */;
}
